{
	"name": "@ndxbn/logger",
	"version": "2.0.0",
	"lockfileVersion": 1,
	"requires": true,
	"dependencies": {
		"@types/node": {
			"version": "16.11.38",
			"resolved": "https://registry.npmjs.org/@types/node/-/node-16.11.38.tgz",
			"integrity": "sha512-hjO/0K140An3GWDw2HJfq7gko3wWeznbjXgg+rzPdVzhe198hp4x2i1dgveAOEiFKd8sOilAxzoSJiVv5P/CUg==",
			"dev": true
		},
		"typescript": {
			"version": "4.7.3",
			"resolved": "https://registry.npmjs.org/typescript/-/typescript-4.7.3.tgz",
			"integrity": "sha512-WOkT3XYvrpXx4vMMqlD+8R8R37fZkjyLGlxavMc4iB8lrl8L0DeTcHbYgw/v0N/z9wAFsgBhcsF0ruoySS22mA==",
			"dev": true
		}
	}
}
