{
	"name": "@ndxbn/logger",
	"version": "2.0.0",
	"lockfileVersion": 1,
	"requires": true,
	"dependencies": {
		"@types/node": {
			"version": "14.17.28",
			"resolved": "https://registry.npmjs.org/@types/node/-/node-14.17.28.tgz",
			"integrity": "sha512-1Nh2wEWN8y9hyC4yTDPccUnRunqNeBEFmmTU+K5FpGZOEixqAzMhUXzrBwajNYCZq5uoGaztaMN9Yy1PDMMB6Q==",
			"dev": true
		},
		"typescript": {
			"version": "4.4.4",
			"resolved": "https://registry.npmjs.org/typescript/-/typescript-4.4.4.tgz",
			"integrity": "sha512-DqGhF5IKoBl8WNf8C1gu8q0xZSInh9j1kJJMqT3a94w1JzVaBU4EXOSMrz9yDqMT0xt3selp83fuFMQ0uzv6qA==",
			"dev": true
		}
	}
}
