{
  "name": "@ndxbn/logger",
  "version": "2.0.0",
  "lockfileVersion": 1,
  "requires": true,
  "dependencies": {
    "@types/node": {
      "version": "18.16.13",
      "resolved": "https://registry.npmjs.org/@types/node/-/node-18.16.13.tgz",
      "integrity": "sha512-uZRomboV1vBL61EBXneL4j9/hEn+1Yqa4LQdpGrKmXFyJmVfWc9JV9+yb2AlnOnuaDnb2PDO3hC6/LKmzJxP1A==",
      "dev": true
    },
    "typescript": {
      "version": "5.0.4",
      "resolved": "https://registry.npmjs.org/typescript/-/typescript-5.0.4.tgz",
      "integrity": "sha512-cW9T5W9xY37cc+jfEnaUvX91foxtHkza3Nw3wkoF4sSlKn0MONdkdEndig/qPBWXNkmplh3NzayQzCiHM4/hqw==",
      "dev": true
    }
  }
}
