{
  "name": "create-ndxbn",
  "version": "1.2.7",
  "lockfileVersion": 3,
  "requires": true,
  "packages": {
    "": {
      "name": "create-ndxbn",
      "version": "1.2.7",
      "license": "MIT",
      "dependencies": {
        "mustache": "^4.0.0"
      },
      "bin": {
        "create-ndxbn": "lib/cli.js"
      },
      "devDependencies": {
        "@types/mustache": "4.2.2",
        "@types/node": "18.17.1",
        "typescript": "5.1.6"
      }
    },
    "node_modules/@types/mustache": {
      "version": "4.2.2",
      "resolved": "https://registry.npmjs.org/@types/mustache/-/mustache-4.2.2.tgz",
      "integrity": "sha512-MUSpfpW0yZbTgjekDbH0shMYBUD+X/uJJJMm9LXN1d5yjl5lCY1vN/eWKD6D1tOtjA6206K0zcIPnUaFMurdNA==",
      "dev": true
    },
    "node_modules/@types/node": {
      "version": "18.17.1",
      "resolved": "https://registry.npmjs.org/@types/node/-/node-18.17.1.tgz",
      "integrity": "sha512-xlR1jahfizdplZYRU59JlUx9uzF1ARa8jbhM11ccpCJya8kvos5jwdm2ZAgxSCwOl0fq21svP18EVwPBXMQudw==",
      "dev": true
    },
    "node_modules/mustache": {
      "version": "4.2.0",
      "resolved": "https://registry.npmjs.org/mustache/-/mustache-4.2.0.tgz",
      "integrity": "sha512-71ippSywq5Yb7/tVYyGbkBggbU8H3u5Rz56fH60jGFgr8uHwxs+aSKeqmluIVzM0m0kB7xQjKS6qPfd0b2ZoqQ==",
      "bin": {
        "mustache": "bin/mustache"
      }
    },
    "node_modules/typescript": {
      "version": "5.1.6",
      "resolved": "https://registry.npmjs.org/typescript/-/typescript-5.1.6.tgz",
      "integrity": "sha512-zaWCozRZ6DLEWAWFrVDz1H6FVXzUSfTy5FUMWsQlU8Ym5JP9eO4xkTIROFCQvhQf61z6O/G6ugw3SgAnvvm+HA==",
      "dev": true,
      "bin": {
        "tsc": "bin/tsc",
        "tsserver": "bin/tsserver"
      },
      "engines": {
        "node": ">=14.17"
      }
    }
  }
}
