{
  "name": "create-ndxbn",
  "version": "1.2.7",
  "lockfileVersion": 1,
  "requires": true,
  "dependencies": {
    "@types/mustache": {
      "version": "4.2.1",
      "resolved": "https://registry.npmjs.org/@types/mustache/-/mustache-4.2.1.tgz",
      "integrity": "sha512-gFAlWL9Ik21nJioqjlGCnNYbf9zHi0sVbaZ/1hQEBcCEuxfLJDvz4bVJSV6v6CUaoLOz0XEIoP7mSrhJ6o237w==",
      "dev": true
    },
    "@types/node": {
      "version": "16.11.62",
      "resolved": "https://registry.npmjs.org/@types/node/-/node-16.11.62.tgz",
      "integrity": "sha512-K/ggecSdwAAy2NUW4WKmF4Rc03GKbsfP+k326UWgckoS+Rzd2PaWbjk76dSmqdLQvLTJAO9axiTUJ6488mFsYQ==",
      "dev": true
    },
    "mustache": {
      "version": "4.2.0",
      "resolved": "https://registry.npmjs.org/mustache/-/mustache-4.2.0.tgz",
      "integrity": "sha512-71ippSywq5Yb7/tVYyGbkBggbU8H3u5Rz56fH60jGFgr8uHwxs+aSKeqmluIVzM0m0kB7xQjKS6qPfd0b2ZoqQ=="
    },
    "typescript": {
      "version": "4.8.4",
      "resolved": "https://registry.npmjs.org/typescript/-/typescript-4.8.4.tgz",
      "integrity": "sha512-QCh+85mCy+h0IGff8r5XWzOVSbBO+KfeYrMQh7NJ58QujwcE22u+NUSmUxqF+un70P9GXKxa2HCNiTTMJknyjQ==",
      "dev": true
    }
  }
}
